
Microsoft Visual Studio Solution File, Format Version 12.00
# Visual Studio 15
VisualStudioVersion = 15.0.27130.2036
MinimumVisualStudioVersion = 10.0.40219.1
Project("{8BC9CEB8-8B4A-11D0-8D11-00A0C91BC942}") = "Final_Project_NPR_u1210167", "Final_Project_NPR_u1210167.vcxproj", "{95C2732A-6A37-4CCE-B304-504EFC224800}"
EndProject
Global
	GlobalSection(SolutionConfigurationPlatforms) = preSolution
		Debug|x64 = Debug|x64
		Debug|x86 = Debug|x86
		Release|x64 = Release|x64
		Release|x86 = Release|x86
	EndGlobalSection
	GlobalSection(ProjectConfigurationPlatforms) = postSolution
		{95C2732A-6A37-4CCE-B304-504EFC224800}.Debug|x64.ActiveCfg = Debug|x64
		{95C2732A-6A37-4CCE-B304-504EFC224800}.Debug|x64.Build.0 = Debug|x64
		{95C2732A-6A37-4CCE-B304-504EFC224800}.Debug|x86.ActiveCfg = Debug|Win32
		{95C2732A-6A37-4CCE-B304-504EFC224800}.Debug|x86.Build.0 = Debug|Win32
		{95C2732A-6A37-4CCE-B304-504EFC224800}.Release|x64.ActiveCfg = Release|x64
		{95C2732A-6A37-4CCE-B304-504EFC224800}.Release|x64.Build.0 = Release|x64
		{95C2732A-6A37-4CCE-B304-504EFC224800}.Release|x86.ActiveCfg = Release|Win32
		{95C2732A-6A37-4CCE-B304-504EFC224800}.Release|x86.Build.0 = Release|Win32
	EndGlobalSection
	GlobalSection(SolutionProperties) = preSolution
		HideSolutionNode = FALSE
	EndGlobalSection
	GlobalSection(ExtensibilityGlobals) = postSolution
		SolutionGuid = {55069EAF-8451-474B-90BE-4DC25381D754}
	EndGlobalSection
EndGlobal
