
Microsoft Visual Studio Solution File, Format Version 12.00
# Visual Studio 15
VisualStudioVersion = 15.0.27130.2036
MinimumVisualStudioVersion = 10.0.40219.1
Project("{8BC9CEB8-8B4A-11D0-8D11-00A0C91BC942}") = "Final_Project_NPR-Quad_u1210167", "Final_Project_NPR-Quad_u1210167.vcxproj", "{A01075E6-0E20-47A9-AE65-8A668CF7F74A}"
EndProject
Global
	GlobalSection(SolutionConfigurationPlatforms) = preSolution
		Debug|x64 = Debug|x64
		Debug|x86 = Debug|x86
		Release|x64 = Release|x64
		Release|x86 = Release|x86
	EndGlobalSection
	GlobalSection(ProjectConfigurationPlatforms) = postSolution
		{A01075E6-0E20-47A9-AE65-8A668CF7F74A}.Debug|x64.ActiveCfg = Debug|x64
		{A01075E6-0E20-47A9-AE65-8A668CF7F74A}.Debug|x64.Build.0 = Debug|x64
		{A01075E6-0E20-47A9-AE65-8A668CF7F74A}.Debug|x86.ActiveCfg = Debug|Win32
		{A01075E6-0E20-47A9-AE65-8A668CF7F74A}.Debug|x86.Build.0 = Debug|Win32
		{A01075E6-0E20-47A9-AE65-8A668CF7F74A}.Release|x64.ActiveCfg = Release|x64
		{A01075E6-0E20-47A9-AE65-8A668CF7F74A}.Release|x64.Build.0 = Release|x64
		{A01075E6-0E20-47A9-AE65-8A668CF7F74A}.Release|x86.ActiveCfg = Release|Win32
		{A01075E6-0E20-47A9-AE65-8A668CF7F74A}.Release|x86.Build.0 = Release|Win32
	EndGlobalSection
	GlobalSection(SolutionProperties) = preSolution
		HideSolutionNode = FALSE
	EndGlobalSection
	GlobalSection(ExtensibilityGlobals) = postSolution
		SolutionGuid = {8DDB207E-B8BE-4789-8936-24BC2535D4D8}
	EndGlobalSection
EndGlobal
